
Microsoft Visual Studio Solution File, Format Version 12.00
# Visual Studio Version 16
VisualStudioVersion = 16.0.30804.86
MinimumVisualStudioVersion = 10.0.40219.1
Project("{FAE04EC0-301F-11D3-BF4B-00C04F79EFBC}") = "Server", "Server\Server.csproj", "{CCD9FDF6-329D-4317-8C3D-CB7ACB17C732}"
EndProject
Global
	GlobalSection(SolutionConfigurationPlatforms) = preSolution
		Debug|Any CPU = Debug|Any CPU
		Release|Any CPU = Release|Any CPU
	EndGlobalSection
	GlobalSection(ProjectConfigurationPlatforms) = postSolution
		{CCD9FDF6-329D-4317-8C3D-CB7ACB17C732}.Debug|Any CPU.ActiveCfg = Debug|Any CPU
		{CCD9FDF6-329D-4317-8C3D-CB7ACB17C732}.Debug|Any CPU.Build.0 = Debug|Any CPU
		{CCD9FDF6-329D-4317-8C3D-CB7ACB17C732}.Release|Any CPU.ActiveCfg = Release|Any CPU
		{CCD9FDF6-329D-4317-8C3D-CB7ACB17C732}.Release|Any CPU.Build.0 = Release|Any CPU
	EndGlobalSection
	GlobalSection(SolutionProperties) = preSolution
		HideSolutionNode = FALSE
	EndGlobalSection
	GlobalSection(ExtensibilityGlobals) = postSolution
		SolutionGuid = {F6F39D6E-EB30-45C7-903C-A7E7DF9B133E}
	EndGlobalSection
EndGlobal
